// !$*UTF8*$!
{
	archiveVersion = 1;
	classes = {
	};
	objectVersion = 50;
	objects = {

/* Begin PBXBuildFile section */
		8030BFFB25E079DC00F03F3F /* AppDelegate.swift in Sources */ = {isa = PBXBuildFile; fileRef = 8030BFFA25E079DC00F03F3F /* AppDelegate.swift */; };
		8030BFFD25E079DC00F03F3F /* SceneDelegate.swift in Sources */ = {isa = PBXBuildFile; fileRef = 8030BFFC25E079DC00F03F3F /* SceneDelegate.swift */; };
		8030BFFF25E079DC00F03F3F /* ViewController.swift in Sources */ = {isa = PBXBuildFile; fileRef = 8030BFFE25E079DC00F03F3F /* ViewController.swift */; };
		8030C00225E079DC00F03F3F /* Main.storyboard in Resources */ = {isa = PBXBuildFile; fileRef = 8030C00025E079DC00F03F3F /* Main.storyboard */; };
		8030C00425E079DE00F03F3F /* Assets.xcassets in Resources */ = {isa = PBXBuildFile; fileRef = 8030C00325E079DE00F03F3F /* Assets.xcassets */; };
		8030C00725E079DE00F03F3F /* LaunchScreen.storyboard in Resources */ = {isa = PBXBuildFile; fileRef = 8030C00525E079DE00F03F3F /* LaunchScreen.storyboard */; };
		8030C01225E079DE00F03F3F /* flixTests.swift in Sources */ = {isa = PBXBuildFile; fileRef = 8030C01125E079DE00F03F3F /* flixTests.swift */; };
		8030C01D25E079DE00F03F3F /* flixUITests.swift in Sources */ = {isa = PBXBuildFile; fileRef = 8030C01C25E079DE00F03F3F /* flixUITests.swift */; };
/* End PBXBuildFile section */

/* Begin PBXContainerItemProxy section */
		8030C00E25E079DE00F03F3F /* PBXContainerItemProxy */ = {
			isa = PBXContainerItemProxy;
			containerPortal = 8030BFEF25E079DC00F03F3F /* Project object */;
			proxyType = 1;
			remoteGlobalIDString = 8030BFF625E079DC00F03F3F;
			remoteInfo = flix;
		};
		8030C01925E079DE00F03F3F /* PBXContainerItemProxy */ = {
			isa = PBXContainerItemProxy;
			containerPortal = 8030BFEF25E079DC00F03F3F /* Project object */;
			proxyType = 1;
			remoteGlobalIDString = 8030BFF625E079DC00F03F3F;
			remoteInfo = flix;
		};
/* End PBXContainerItemProxy section */

/* Begin PBXFileReference section */
		8030BFF725E079DC00F03F3F /* flix.app */ = {isa = PBXFileReference; explicitFileType = wrapper.application; includeInIndex = 0; path = flix.app; sourceTree = BUILT_PRODUCTS_DIR; };
		8030BFFA25E079DC00F03F3F /* AppDelegate.swift */ = {isa = PBXFileReference; lastKnownFileType = sourcecode.swift; path = AppDelegate.swift; sourceTree = "<group>"; };
		8030BFFC25E079DC00F03F3F /* SceneDelegate.swift */ = {isa = PBXFileReference; lastKnownFileType = sourcecode.swift; path = SceneDelegate.swift; sourceTree = "<group>"; };
		8030BFFE25E079DC00F03F3F /* ViewController.swift */ = {isa = PBXFileReference; lastKnownFileType = sourcecode.swift; path = ViewController.swift; sourceTree = "<group>"; };
		8030C00125E079DC00F03F3F /* Base */ = {isa = PBXFileReference; lastKnownFileType = file.storyboard; name = Base; path = Base.lproj/Main.storyboard; sourceTree = "<group>"; };
		8030C00325E079DE00F03F3F /* Assets.xcassets */ = {isa = PBXFileReference; lastKnownFileType = folder.assetcatalog; path = Assets.xcassets; sourceTree = "<group>"; };
		8030C00625E079DE00F03F3F /* Base */ = {isa = PBXFileReference; lastKnownFileType = file.storyboard; name = Base; path = Base.lproj/LaunchScreen.storyboard; sourceTree = "<group>"; };
		8030C00825E079DE00F03F3F /* Info.plist */ = {isa = PBXFileReference; lastKnownFileType = text.plist.xml; path = Info.plist; sourceTree = "<group>"; };
		8030C00D25E079DE00F03F3F /* flixTests.xctest */ = {isa = PBXFileReference; explicitFileType = wrapper.cfbundle; includeInIndex = 0; path = flixTests.xctest; sourceTree = BUILT_PRODUCTS_DIR; };
		8030C01125E079DE00F03F3F /* flixTests.swift */ = {isa = PBXFileReference; lastKnownFileType = sourcecode.swift; path = flixTests.swift; sourceTree = "<group>"; };
		8030C01325E079DE00F03F3F /* Info.plist */ = {isa = PBXFileReference; lastKnownFileType = text.plist.xml; path = Info.plist; sourceTree = "<group>"; };
		8030C01825E079DE00F03F3F /* flixUITests.xctest */ = {isa = PBXFileReference; explicitFileType = wrapper.cfbundle; includeInIndex = 0; path = flixUITests.xctest; sourceTree = BUILT_PRODUCTS_DIR; };
		8030C01C25E079DE00F03F3F /* flixUITests.swift */ = {isa = PBXFileReference; lastKnownFileType = sourcecode.swift; path = flixUITests.swift; sourceTree = "<group>"; };
		8030C01E25E079DE00F03F3F /* Info.plist */ = {isa = PBXFileReference; lastKnownFileType = text.plist.xml; path = Info.plist; sourceTree = "<group>"; };
/* End PBXFileReference section */

/* Begin PBXFrameworksBuildPhase section */
		8030BFF425E079DC00F03F3F /* Frameworks */ = {
			isa = PBXFrameworksBuildPhase;
			buildActionMask = 2147483647;
			files = (
			);
			runOnlyForDeploymentPostprocessing = 0;
		};
		8030C00A25E079DE00F03F3F /* Frameworks */ = {
			isa = PBXFrameworksBuildPhase;
			buildActionMask = 2147483647;
			files = (
			);
			runOnlyForDeploymentPostprocessing = 0;
		};
		8030C01525E079DE00F03F3F /* Frameworks */ = {
			isa = PBXFrameworksBuildPhase;
			buildActionMask = 2147483647;
			files = (
			);
			runOnlyForDeploymentPostprocessing = 0;
		};
/* End PBXFrameworksBuildPhase section */

/* Begin PBXGroup section */
		8030BFEE25E079DC00F03F3F = {
			isa = PBXGroup;
			children = (
				8030BFF925E079DC00F03F3F /* flix */,
				8030C01025E079DE00F03F3F /* flixTests */,
				8030C01B25E079DE00F03F3F /* flixUITests */,
				8030BFF825E079DC00F03F3F /* Products */,
			);
			sourceTree = "<group>";
		};
		8030BFF825E079DC00F03F3F /* Products */ = {
			isa = PBXGroup;
			children = (
				8030BFF725E079DC00F03F3F /* flix.app */,
				8030C00D25E079DE00F03F3F /* flixTests.xctest */,
				8030C01825E079DE00F03F3F /* flixUITests.xctest */,
			);
			name = Products;
			sourceTree = "<group>";
		};
		8030BFF925E079DC00F03F3F /* flix */ = {
			isa = PBXGroup;
			children = (
				8030BFFA25E079DC00F03F3F /* AppDelegate.swift */,
				8030BFFC25E079DC00F03F3F /* SceneDelegate.swift */,
				8030BFFE25E079DC00F03F3F /* ViewController.swift */,
				8030C00025E079DC00F03F3F /* Main.storyboard */,
				8030C00325E079DE00F03F3F /* Assets.xcassets */,
				8030C00525E079DE00F03F3F /* LaunchScreen.storyboard */,
				8030C00825E079DE00F03F3F /* Info.plist */,
			);
			path = flix;
			sourceTree = "<group>";
		};
		8030C01025E079DE00F03F3F /* flixTests */ = {
			isa = PBXGroup;
			children = (
				8030C01125E079DE00F03F3F /* flixTests.swift */,
				8030C01325E079DE00F03F3F /* Info.plist */,
			);
			path = flixTests;
			sourceTree = "<group>";
		};
		8030C01B25E079DE00F03F3F /* flixUITests */ = {
			isa = PBXGroup;
			children = (
				8030C01C25E079DE00F03F3F /* flixUITests.swift */,
				8030C01E25E079DE00F03F3F /* Info.plist */,
			);
			path = flixUITests;
			sourceTree = "<group>";
		};
/* End PBXGroup section */

/* Begin PBXNativeTarget section */
		8030BFF625E079DC00F03F3F /* flix */ = {
			isa = PBXNativeTarget;
			buildConfigurationList = 8030C02125E079DE00F03F3F /* Build configuration list for PBXNativeTarget "flix" */;
			buildPhases = (
				8030BFF325E079DC00F03F3F /* Sources */,
				8030BFF425E079DC00F03F3F /* Frameworks */,
				8030BFF525E079DC00F03F3F /* Resources */,
			);
			buildRules = (
			);
			dependencies = (
			);
			name = flix;
			productName = flix;
			productReference = 8030BFF725E079DC00F03F3F /* flix.app */;
			productType = "com.apple.product-type.application";
		};
		8030C00C25E079DE00F03F3F /* flixTests */ = {
			isa = PBXNativeTarget;
			buildConfigurationList = 8030C02425E079DE00F03F3F /* Build configuration list for PBXNativeTarget "flixTests" */;
			buildPhases = (
				8030C00925E079DE00F03F3F /* Sources */,
				8030C00A25E079DE00F03F3F /* Frameworks */,
				8030C00B25E079DE00F03F3F /* Resources */,
			);
			buildRules = (
			);
			dependencies = (
				8030C00F25E079DE00F03F3F /* PBXTargetDependency */,
			);
			name = flixTests;
			productName = flixTests;
			productReference = 8030C00D25E079DE00F03F3F /* flixTests.xctest */;
			productType = "com.apple.product-type.bundle.unit-test";
		};
		8030C01725E079DE00F03F3F /* flixUITests */ = {
			isa = PBXNativeTarget;
			buildConfigurationList = 8030C02725E079DE00F03F3F /* Build configuration list for PBXNativeTarget "flixUITests" */;
			buildPhases = (
				8030C01425E079DE00F03F3F /* Sources */,
				8030C01525E079DE00F03F3F /* Frameworks */,
				8030C01625E079DE00F03F3F /* Resources */,
			);
			buildRules = (
			);
			dependencies = (
				8030C01A25E079DE00F03F3F /* PBXTargetDependency */,
			);
			name = flixUITests;
			productName = flixUITests;
			productReference = 8030C01825E079DE00F03F3F /* flixUITests.xctest */;
			productType = "com.apple.product-type.bundle.ui-testing";
		};
/* End PBXNativeTarget section */

/* Begin PBXProject section */
		8030BFEF25E079DC00F03F3F /* Project object */ = {
			isa = PBXProject;
			attributes = {
				LastSwiftUpdateCheck = 1240;
				LastUpgradeCheck = 1240;
				TargetAttributes = {
					8030BFF625E079DC00F03F3F = {
						CreatedOnToolsVersion = 12.4;
					};
					8030C00C25E079DE00F03F3F = {
						CreatedOnToolsVersion = 12.4;
						TestTargetID = 8030BFF625E079DC00F03F3F;
					};
					8030C01725E079DE00F03F3F = {
						CreatedOnToolsVersion = 12.4;
						TestTargetID = 8030BFF625E079DC00F03F3F;
					};
				};
			};
			buildConfigurationList = 8030BFF225E079DC00F03F3F /* Build configuration list for PBXProject "flix" */;
			compatibilityVersion = "Xcode 9.3";
			developmentRegion = en;
			hasScannedForEncodings = 0;
			knownRegions = (
				en,
				Base,
			);
			mainGroup = 8030BFEE25E079DC00F03F3F;
			productRefGroup = 8030BFF825E079DC00F03F3F /* Products */;
			projectDirPath = "";
			projectRoot = "";
			targets = (
				8030BFF625E079DC00F03F3F /* flix */,
				8030C00C25E079DE00F03F3F /* flixTests */,
				8030C01725E079DE00F03F3F /* flixUITests */,
			);
		};
/* End PBXProject section */

/* Begin PBXResourcesBuildPhase section */
		8030BFF525E079DC00F03F3F /* Resources */ = {
			isa = PBXResourcesBuildPhase;
			buildActionMask = 2147483647;
			files = (
				8030C00725E079DE00F03F3F /* LaunchScreen.storyboard in Resources */,
				8030C00425E079DE00F03F3F /* Assets.xcassets in Resources */,
				8030C00225E079DC00F03F3F /* Main.storyboard in Resources */,
			);
			runOnlyForDeploymentPostprocessing = 0;
		};
		8030C00B25E079DE00F03F3F /* Resources */ = {
			isa = PBXResourcesBuildPhase;
			buildActionMask = 2147483647;
			files = (
			);
			runOnlyForDeploymentPostprocessing = 0;
		};
		8030C01625E079DE00F03F3F /* Resources */ = {
			isa = PBXResourcesBuildPhase;
			buildActionMask = 2147483647;
			files = (
			);
			runOnlyForDeploymentPostprocessing = 0;
		};
/* End PBXResourcesBuildPhase section */

/* Begin PBXSourcesBuildPhase section */
		8030BFF325E079DC00F03F3F /* Sources */ = {
			isa = PBXSourcesBuildPhase;
			buildActionMask = 2147483647;
			files = (
				8030BFFF25E079DC00F03F3F /* ViewController.swift in Sources */,
				8030BFFB25E079DC00F03F3F /* AppDelegate.swift in Sources */,
				8030BFFD25E079DC00F03F3F /* SceneDelegate.swift in Sources */,
			);
			runOnlyForDeploymentPostprocessing = 0;
		};
		8030C00925E079DE00F03F3F /* Sources */ = {
			isa = PBXSourcesBuildPhase;
			buildActionMask = 2147483647;
			files = (
				8030C01225E079DE00F03F3F /* flixTests.swift in Sources */,
			);
			runOnlyForDeploymentPostprocessing = 0;
		};
		8030C01425E079DE00F03F3F /* Sources */ = {
			isa = PBXSourcesBuildPhase;
			buildActionMask = 2147483647;
			files = (
				8030C01D25E079DE00F03F3F /* flixUITests.swift in Sources */,
			);
			runOnlyForDeploymentPostprocessing = 0;
		};
/* End PBXSourcesBuildPhase section */

/* Begin PBXTargetDependency section */
		8030C00F25E079DE00F03F3F /* PBXTargetDependency */ = {
			isa = PBXTargetDependency;
			target = 8030BFF625E079DC00F03F3F /* flix */;
			targetProxy = 8030C00E25E079DE00F03F3F /* PBXContainerItemProxy */;
		};
		8030C01A25E079DE00F03F3F /* PBXTargetDependency */ = {
			isa = PBXTargetDependency;
			target = 8030BFF625E079DC00F03F3F /* flix */;
			targetProxy = 8030C01925E079DE00F03F3F /* PBXContainerItemProxy */;
		};
/* End PBXTargetDependency section */

/* Begin PBXVariantGroup section */
		8030C00025E079DC00F03F3F /* Main.storyboard */ = {
			isa = PBXVariantGroup;
			children = (
				8030C00125E079DC00F03F3F /* Base */,
			);
			name = Main.storyboard;
			sourceTree = "<group>";
		};
		8030C00525E079DE00F03F3F /* LaunchScreen.storyboard */ = {
			isa = PBXVariantGroup;
			children = (
				8030C00625E079DE00F03F3F /* Base */,
			);
			name = LaunchScreen.storyboard;
			sourceTree = "<group>";
		};
/* End PBXVariantGroup section */

/* Begin XCBuildConfiguration section */
		8030C01F25E079DE00F03F3F /* Debug */ = {
			isa = XCBuildConfiguration;
			buildSettings = {
				ALWAYS_SEARCH_USER_PATHS = NO;
				CLANG_ANALYZER_NONNULL = YES;
				CLANG_ANALYZER_NUMBER_OBJECT_CONVERSION = YES_AGGRESSIVE;
				CLANG_CXX_LANGUAGE_STANDARD = "gnu++14";
				CLANG_CXX_LIBRARY = "libc++";
				CLANG_ENABLE_MODULES = YES;
				CLANG_ENABLE_OBJC_ARC = YES;
				CLANG_ENABLE_OBJC_WEAK = YES;
				CLANG_WARN_BLOCK_CAPTURE_AUTORELEASING = YES;
				CLANG_WARN_BOOL_CONVERSION = YES;
				CLANG_WARN_COMMA = YES;
				CLANG_WARN_CONSTANT_CONVERSION = YES;
				CLANG_WARN_DEPRECATED_OBJC_IMPLEMENTATIONS = YES;
				CLANG_WARN_DIRECT_OBJC_ISA_USAGE = YES_ERROR;
				CLANG_WARN_DOCUMENTATION_COMMENTS = YES;
				CLANG_WARN_EMPTY_BODY = YES;
				CLANG_WARN_ENUM_CONVERSION = YES;
				CLANG_WARN_INFINITE_RECURSION = YES;
				CLANG_WARN_INT_CONVERSION = YES;
				CLANG_WARN_NON_LITERAL_NULL_CONVERSION = YES;
				CLANG_WARN_OBJC_IMPLICIT_RETAIN_SELF = YES;
				CLANG_WARN_OBJC_LITERAL_CONVERSION = YES;
				CLANG_WARN_OBJC_ROOT_CLASS = YES_ERROR;
				CLANG_WARN_QUOTED_INCLUDE_IN_FRAMEWORK_HEADER = YES;
				CLANG_WARN_RANGE_LOOP_ANALYSIS = YES;
				CLANG_WARN_STRICT_PROTOTYPES = YES;
				CLANG_WARN_SUSPICIOUS_MOVE = YES;
				CLANG_WARN_UNGUARDED_AVAILABILITY = YES_AGGRESSIVE;
				CLANG_WARN_UNREACHABLE_CODE = YES;
				CLANG_WARN__DUPLICATE_METHOD_MATCH = YES;
				COPY_PHASE_STRIP = NO;
				DEBUG_INFORMATION_FORMAT = dwarf;
				ENABLE_STRICT_OBJC_MSGSEND = YES;
				ENABLE_TESTABILITY = YES;
				GCC_C_LANGUAGE_STANDARD = gnu11;
				GCC_DYNAMIC_NO_PIC = NO;
				GCC_NO_COMMON_BLOCKS = YES;
				GCC_OPTIMIZATION_LEVEL = 0;
				GCC_PREPROCESSOR_DEFINITIONS = (
					"DEBUG=1",
					"$(inherited)",
				);
				GCC_WARN_64_TO_32_BIT_CONVERSION = YES;
				GCC_WARN_ABOUT_RETURN_TYPE = YES_ERROR;
				GCC_WARN_UNDECLARED_SELECTOR = YES;
				GCC_WARN_UNINITIALIZED_AUTOS = YES_AGGRESSIVE;
				GCC_WARN_UNUSED_FUNCTION = YES;
				GCC_WARN_UNUSED_VARIABLE = YES;
				IPHONEOS_DEPLOYMENT_TARGET = 14.4;
				MTL_ENABLE_DEBUG_INFO = INCLUDE_SOURCE;
				MTL_FAST_MATH = YES;
				ONLY_ACTIVE_ARCH = YES;
				SDKROOT = iphoneos;
				SWIFT_ACTIVE_COMPILATION_CONDITIONS = DEBUG;
				SWIFT_OPTIMIZATION_LEVEL = "-Onone";
			};
			name = Debug;
		};
		8030C02025E079DE00F03F3F /* Release */ = {
			isa = XCBuildConfiguration;
			buildSettings = {
				ALWAYS_SEARCH_USER_PATHS = NO;
				CLANG_ANALYZER_NONNULL = YES;
				CLANG_ANALYZER_NUMBER_OBJECT_CONVERSION = YES_AGGRESSIVE;
				CLANG_CXX_LANGUAGE_STANDARD = "gnu++14";
				CLANG_CXX_LIBRARY = "libc++";
				CLANG_ENABLE_MODULES = YES;
				CLANG_ENABLE_OBJC_ARC = YES;
				CLANG_ENABLE_OBJC_WEAK = YES;
				CLANG_WARN_BLOCK_CAPTURE_AUTORELEASING = YES;
				CLANG_WARN_BOOL_CONVERSION = YES;
				CLANG_WARN_COMMA = YES;
				CLANG_WARN_CONSTANT_CONVERSION = YES;
				CLANG_WARN_DEPRECATED_OBJC_IMPLEMENTATIONS = YES;
				CLANG_WARN_DIRECT_OBJC_ISA_USAGE = YES_ERROR;
				CLANG_WARN_DOCUMENTATION_COMMENTS = YES;
				CLANG_WARN_EMPTY_BODY = YES;
				CLANG_WARN_ENUM_CONVERSION = YES;
				CLANG_WARN_INFINITE_RECURSION = YES;
				CLANG_WARN_INT_CONVERSION = YES;
				CLANG_WARN_NON_LITERAL_NULL_CONVERSION = YES;
				CLANG_WARN_OBJC_IMPLICIT_RETAIN_SELF = YES;
				CLANG_WARN_OBJC_LITERAL_CONVERSION = YES;
				CLANG_WARN_OBJC_ROOT_CLASS = YES_ERROR;
				CLANG_WARN_QUOTED_INCLUDE_IN_FRAMEWORK_HEADER = YES;
				CLANG_WARN_RANGE_LOOP_ANALYSIS = YES;
				CLANG_WARN_STRICT_PROTOTYPES = YES;
				CLANG_WARN_SUSPICIOUS_MOVE = YES;
				CLANG_WARN_UNGUARDED_AVAILABILITY = YES_AGGRESSIVE;
				CLANG_WARN_UNREACHABLE_CODE = YES;
				CLANG_WARN__DUPLICATE_METHOD_MATCH = YES;
				COPY_PHASE_STRIP = NO;
				DEBUG_INFORMATION_FORMAT = "dwarf-with-dsym";
				ENABLE_NS_ASSERTIONS = NO;
				ENABLE_STRICT_OBJC_MSGSEND = YES;
				GCC_C_LANGUAGE_STANDARD = gnu11;
				GCC_NO_COMMON_BLOCKS = YES;
				GCC_WARN_64_TO_32_BIT_CONVERSION = YES;
				GCC_WARN_ABOUT_RETURN_TYPE = YES_ERROR;
				GCC_WARN_UNDECLARED_SELECTOR = YES;
				GCC_WARN_UNINITIALIZED_AUTOS = YES_AGGRESSIVE;
				GCC_WARN_UNUSED_FUNCTION = YES;
				GCC_WARN_UNUSED_VARIABLE = YES;
				IPHONEOS_DEPLOYMENT_TARGET = 14.4;
				MTL_ENABLE_DEBUG_INFO = NO;
				MTL_FAST_MATH = YES;
				SDKROOT = iphoneos;
				SWIFT_COMPILATION_MODE = wholemodule;
				SWIFT_OPTIMIZATION_LEVEL = "-O";
				VALIDATE_PRODUCT = YES;
			};
			name = Release;
		};
		8030C02225E079DE00F03F3F /* Debug */ = {
			isa = XCBuildConfiguration;
			buildSettings = {
				ASSETCATALOG_COMPILER_APPICON_NAME = AppIcon;
				ASSETCATALOG_COMPILER_GLOBAL_ACCENT_COLOR_NAME = AccentColor;
				CODE_SIGN_STYLE = Automatic;
				INFOPLIST_FILE = flix/Info.plist;
				LD_RUNPATH_SEARCH_PATHS = (
					"$(inherited)",
					"@executable_path/Frameworks",
				);
				PRODUCT_BUNDLE_IDENTIFIER = jrobles0302.flix;
				PRODUCT_NAME = "$(TARGET_NAME)";
				SWIFT_VERSION = 5.0;
				TARGETED_DEVICE_FAMILY = "1,2";
			};
			name = Debug;
		};
		8030C02325E079DE00F03F3F /* Release */ = {
			isa = XCBuildConfiguration;
			buildSettings = {
				ASSETCATALOG_COMPILER_APPICON_NAME = AppIcon;
				ASSETCATALOG_COMPILER_GLOBAL_ACCENT_COLOR_NAME = AccentColor;
				CODE_SIGN_STYLE = Automatic;
				INFOPLIST_FILE = flix/Info.plist;
				LD_RUNPATH_SEARCH_PATHS = (
					"$(inherited)",
					"@executable_path/Frameworks",
				);
				PRODUCT_BUNDLE_IDENTIFIER = jrobles0302.flix;
				PRODUCT_NAME = "$(TARGET_NAME)";
				SWIFT_VERSION = 5.0;
				TARGETED_DEVICE_FAMILY = "1,2";
			};
			name = Release;
		};
		8030C02525E079DE00F03F3F /* Debug */ = {
			isa = XCBuildConfiguration;
			buildSettings = {
				ALWAYS_EMBED_SWIFT_STANDARD_LIBRARIES = YES;
				BUNDLE_LOADER = "$(TEST_HOST)";
				CODE_SIGN_STYLE = Automatic;
				INFOPLIST_FILE = flixTests/Info.plist;
				IPHONEOS_DEPLOYMENT_TARGET = 14.4;
				LD_RUNPATH_SEARCH_PATHS = (
					"$(inherited)",
					"@executable_path/Frameworks",
					"@loader_path/Frameworks",
				);
				PRODUCT_BUNDLE_IDENTIFIER = jrobles0302.flixTests;
				PRODUCT_NAME = "$(TARGET_NAME)";
				SWIFT_VERSION = 5.0;
				TARGETED_DEVICE_FAMILY = "1,2";
				TEST_HOST = "$(BUILT_PRODUCTS_DIR)/flix.app/flix";
			};
			name = Debug;
		};
		8030C02625E079DE00F03F3F /* Release */ = {
			isa = XCBuildConfiguration;
			buildSettings = {
				ALWAYS_EMBED_SWIFT_STANDARD_LIBRARIES = YES;
				BUNDLE_LOADER = "$(TEST_HOST)";
				CODE_SIGN_STYLE = Automatic;
				INFOPLIST_FILE = flixTests/Info.plist;
				IPHONEOS_DEPLOYMENT_TARGET = 14.4;
				LD_RUNPATH_SEARCH_PATHS = (
					"$(inherited)",
					"@executable_path/Frameworks",
					"@loader_path/Frameworks",
				);
				PRODUCT_BUNDLE_IDENTIFIER = jrobles0302.flixTests;
				PRODUCT_NAME = "$(TARGET_NAME)";
				SWIFT_VERSION = 5.0;
				TARGETED_DEVICE_FAMILY = "1,2";
				TEST_HOST = "$(BUILT_PRODUCTS_DIR)/flix.app/flix";
			};
			name = Release;
		};
		8030C02825E079DE00F03F3F /* Debug */ = {
			isa = XCBuildConfiguration;
			buildSettings = {
				ALWAYS_EMBED_SWIFT_STANDARD_LIBRARIES = YES;
				CODE_SIGN_STYLE = Automatic;
				INFOPLIST_FILE = flixUITests/Info.plist;
				LD_RUNPATH_SEARCH_PATHS = (
					"$(inherited)",
					"@executable_path/Frameworks",
					"@loader_path/Frameworks",
				);
				PRODUCT_BUNDLE_IDENTIFIER = jrobles0302.flixUITests;
				PRODUCT_NAME = "$(TARGET_NAME)";
				SWIFT_VERSION = 5.0;
				TARGETED_DEVICE_FAMILY = "1,2";
				TEST_TARGET_NAME = flix;
			};
			name = Debug;
		};
		8030C02925E079DE00F03F3F /* Release */ = {
			isa = XCBuildConfiguration;
			buildSettings = {
				ALWAYS_EMBED_SWIFT_STANDARD_LIBRARIES = YES;
				CODE_SIGN_STYLE = Automatic;
				INFOPLIST_FILE = flixUITests/Info.plist;
				LD_RUNPATH_SEARCH_PATHS = (
					"$(inherited)",
					"@executable_path/Frameworks",
					"@loader_path/Frameworks",
				);
				PRODUCT_BUNDLE_IDENTIFIER = jrobles0302.flixUITests;
				PRODUCT_NAME = "$(TARGET_NAME)";
				SWIFT_VERSION = 5.0;
				TARGETED_DEVICE_FAMILY = "1,2";
				TEST_TARGET_NAME = flix;
			};
			name = Release;
		};
/* End XCBuildConfiguration section */

/* Begin XCConfigurationList section */
		8030BFF225E079DC00F03F3F /* Build configuration list for PBXProject "flix" */ = {
			isa = XCConfigurationList;
			buildConfigurations = (
				8030C01F25E079DE00F03F3F /* Debug */,
				8030C02025E079DE00F03F3F /* Release */,
			);
			defaultConfigurationIsVisible = 0;
			defaultConfigurationName = Release;
		};
		8030C02125E079DE00F03F3F /* Build configuration list for PBXNativeTarget "flix" */ = {
			isa = XCConfigurationList;
			buildConfigurations = (
				8030C02225E079DE00F03F3F /* Debug */,
				8030C02325E079DE00F03F3F /* Release */,
			);
			defaultConfigurationIsVisible = 0;
			defaultConfigurationName = Release;
		};
		8030C02425E079DE00F03F3F /* Build configuration list for PBXNativeTarget "flixTests" */ = {
			isa = XCConfigurationList;
			buildConfigurations = (
				8030C02525E079DE00F03F3F /* Debug */,
				8030C02625E079DE00F03F3F /* Release */,
			);
			defaultConfigurationIsVisible = 0;
			defaultConfigurationName = Release;
		};
		8030C02725E079DE00F03F3F /* Build configuration list for PBXNativeTarget "flixUITests" */ = {
			isa = XCConfigurationList;
			buildConfigurations = (
				8030C02825E079DE00F03F3F /* Debug */,
				8030C02925E079DE00F03F3F /* Release */,
			);
			defaultConfigurationIsVisible = 0;
			defaultConfigurationName = Release;
		};
/* End XCConfigurationList section */
	};
	rootObject = 8030BFEF25E079DC00F03F3F /* Project object */;
}
